Microsoft Visual Studio Solution File, Format Version 11.00
# Visual Studio 2008

Project("{82D24242-0C61-C2D5-952E-C78DBBA4917E}") = "TankWorld", "Assembly-CSharp.csproj", "{5B0E64CA-F0AD-FDD9-8BC5-7DC60B68819E}"
EndProject
Global
	GlobalSection(SolutionConfigurationPlatforms) = preSolution
		Debug|Any CPU = Debug|Any CPU
		Release|Any CPU = Release|Any CPU
	EndGlobalSection
	GlobalSection(ProjectConfigurationPlatforms) = postSolution
		{5B0E64CA-F0AD-FDD9-8BC5-7DC60B68819E}.Debug|Any CPU.ActiveCfg = Debug|Any CPU
		{5B0E64CA-F0AD-FDD9-8BC5-7DC60B68819E}.Debug|Any CPU.Build.0 = Debug|Any CPU
		{5B0E64CA-F0AD-FDD9-8BC5-7DC60B68819E}.Release|Any CPU.ActiveCfg = Release|Any CPU
		{5B0E64CA-F0AD-FDD9-8BC5-7DC60B68819E}.Release|Any CPU.Build.0 = Release|Any CPU
	EndGlobalSection
	GlobalSection(SolutionProperties) = preSolution
		HideSolutionNode = FALSE
	EndGlobalSection
	GlobalSection(MonoDevelopProperties) = preSolution
		StartupItem = Assembly-CSharp.csproj
	EndGlobalSection
EndGlobal
